hash: e45f1b36f1f69712061260e9ecf2d9d6a2cff1d1d6fcf9c4246e9678a4796f72
updated: 2016-10-12T17:44:20.535180376+02:00
imports:
- name: github.com/BurntSushi/toml
  version: bbd5bb678321a0d6e58f1099321dfa73391c1b6f
- name: github.com/eclipse/paho.mqtt.golang
  version: 13afcbe8e41508479762a90e9242577210c2ca8d
  subpackages:
  - packets
- name: github.com/fatih/color
  version: 87d4004f2ab62d0d255e0a38f1680aa534549fe3
- name: github.com/go-zoo/bone
  version: fd0aebc74e908868b09ac140fb5a53cb363884c1
- name: github.com/krylovsk/gosenml
  version: 58b3dba4d56feb12e121868a4468ad3443334d3b
- name: github.com/mattn/go-colorable
  version: 6c903ff4aa50920ca86087a280590b36b3152b9c
- name: github.com/mattn/go-isatty
  version: 66b8e73f3f5cda9f96b69efd03dd3d7fc4a5cdb8
- name: github.com/satori/go.uuid
  version: 879c5887cd475cd7864858769793b2ceb0d44feb
- name: github.com/xeipuuv/gojsonpointer
  version: e0fe6f68307607d540ed8eac07a342c33fa1b54a
- name: github.com/xeipuuv/gojsonreference
  version: e02fc20de94c78484cd5ffb007f8af96be030a45
- name: github.com/xeipuuv/gojsonschema
  version: 00f9fafb54d2244d291b86ab63d12c38bd5c3886
- name: golang.org/x/net
  version: 6dba816f1056709e29a1c442883cab1336d3c083
  subpackages:
  - websocket
- name: golang.org/x/sys
  version: 9bb9f0998d48b31547d975974935ae9b48c7a03c
  subpackages:
  - unix
- name: gopkg.in/mgo.v2
  version: 3f83fa5005286a7fe593b055f0d7771a7dce4655
  subpackages:
  - bson
  - internal/json
  - internal/sasl
  - internal/scram
testImports:
- name: github.com/go-errors/errors
  version: a41850380601eeb43f4350f7d17c6bbd8944aaf8
- name: github.com/go-sql-driver/mysql
  version: 0b58b37b664c21f3010e836f1b931e1d0b0b0685
- name: github.com/lib/pq
  version: 068cb1c8e4be77b9bdef4d0d91f162160537779e
  subpackages:
  - oid
- name: github.com/ory-am/common
  version: d93c852f2d09c219fd058756caf67bbdf8cf4be4
  subpackages:
  - env
- name: github.com/ory-am/dockertest
  version: 1b35e25f4895dff0155ac7b67f69f9aa3a275a76
- name: github.com/pborman/uuid
  version: a97ce2ca70fa5a848076093f05e639a89ca34d06
