{"1.1.0",
[{<<"acceptor_pool">>,{pkg,<<"acceptor_pool">>,<<"1.0.0">>},1},
 {<<"chatterbox">>,{pkg,<<"ts_chatterbox">>,<<"0.9.1">>},1},
 {<<"ctx">>,{pkg,<<"ctx">>,<<"0.5.0">>},1},
 {<<"eredis">>,{pkg,<<"eredis">>,<<"1.2.0">>},0},
 {<<"gpb">>,{pkg,<<"gpb">>,<<"4.10.5">>},0},
 {<<"gproc">>,{pkg,<<"gproc">>,<<"0.8.0">>},1},
 {<<"grpcbox">>,{pkg,<<"grpcbox">>,<<"0.11.0">>},0},
 {<<"hpack">>,{pkg,<<"hpack_erl">>,<<"0.2.3">>},2},
 {<<"jsx">>,{pkg,<<"jsx">>,<<"2.8.0">>},1},
 {<<"nats_msg">>,{pkg,<<"nats_msg">>,<<"0.4.1">>},1},
 {<<"poolboy">>,{pkg,<<"poolboy">>,<<"1.5.2">>},0},
 {<<"teacup">>,{pkg,<<"teacup">>,<<"0.3.4">>},1},
 {<<"teacup_nats">>,{pkg,<<"teacup_nats">>,<<"0.4.1">>},0},
 {<<"vernemq_dev">>,
  {git,"git://github.com/erlio/vernemq_dev.git",
       {ref,"741655f532ad16bb501d01230c7fb68dbae523d2"}},
  0}]}.
[
{pkg_hash,[
 {<<"acceptor_pool">>, <<"43C20D2ACAE35F0C2BCD64F9D2BDE267E459F0F3FD23DAB26485BF518C281B21">>},
 {<<"chatterbox">>, <<"843557EE729B04B3C1BDAC33FB162DAEFDBF4F7AE0AF0BDC055FB16E91E057E3">>},
 {<<"ctx">>, <<"78E0F16712E12D707A7F34277381B8E193D7C71EAA24D37330DC02477C09EDA5">>},
 {<<"eredis">>, <<"0B8E9CFC2C00FA1374CD107EA63B49BE08D933DF2CF175E6A89B73DD9C380DE4">>},
 {<<"gpb">>, <<"7884C1579682B9EFAF774B532AEBDE2C896CDBDF8C85695E93C66E34414A26F5">>},
 {<<"gproc">>, <<"CEA02C578589C61E5341FCE149EA36CCEF236CC2ECAC8691FBA408E7EA77EC2F">>},
 {<<"grpcbox">>, <<"EA9F9160120A4884838D397DDE64B36EDB122ADF335238F639DEBC12087DA67F">>},
 {<<"hpack">>, <<"17670F83FF984AE6CD74B1C456EDDE906D27FF013740EE4D9EFAA4F1BF999633">>},
 {<<"jsx">>, <<"749BEC6D205C694AE1786D62CEA6CC45A390437E24835FD16D12D74F07097727">>},
 {<<"nats_msg">>, <<"3058CE6E09C3EFF1297CE5599E77D8FB9E04C9736962E4FACE67CA9EB3EB744D">>},
 {<<"poolboy">>, <<"392B007A1693A64540CEAD79830443ABF5762F5D30CF50BC95CB2C1AAAFA006B">>},
 {<<"teacup">>, <<"7D66AC0663AE0CEFF1552907E2EBD3E0A5B716C435765B57C589193D4C59DE4D">>},
 {<<"teacup_nats">>, <<"635A02473B0BE9079C83DFB22FECA502C61706D35A58D978427CA4577B5E08F8">>}]}
].
